
Microsoft Visual Studio Solution File, Format Version 12.00
# Visual Studio 15
VisualStudioVersion = 15.0.26730.15
MinimumVisualStudioVersion = 10.0.40219.1
Project("{888888A0-9F3D-457C-B088-3A5042F75D52}") = "PyMusicMaker", "PyMusicMaker.pyproj", "{163EB37D-A706-4712-BF2D-48DCAD6F21EA}"
EndProject
Global
	GlobalSection(SolutionConfigurationPlatforms) = preSolution
		Debug|Any CPU = Debug|Any CPU
		Release|Any CPU = Release|Any CPU
	EndGlobalSection
	GlobalSection(ProjectConfigurationPlatforms) = postSolution
		{163EB37D-A706-4712-BF2D-48DCAD6F21EA}.Debug|Any CPU.ActiveCfg = Debug|Any CPU
		{163EB37D-A706-4712-BF2D-48DCAD6F21EA}.Release|Any CPU.ActiveCfg = Release|Any CPU
	EndGlobalSection
	GlobalSection(SolutionProperties) = preSolution
		HideSolutionNode = FALSE
	EndGlobalSection
	GlobalSection(ExtensibilityGlobals) = postSolution
		SolutionGuid = {1FC63934-D64D-4AD3-A0C0-7BAD0E5B3503}
	EndGlobalSection
EndGlobal
